
Microsoft Visual Studio Solution File, Format Version 12.00
# Visual Studio Version 17
VisualStudioVersion = 17.2.32602.215
MinimumVisualStudioVersion = 10.0.40219.1
Project("{9A19103F-16F7-4668-BE54-9A1E7A4F7556}") = "Downtime_and_service", "Downtime_and_service\Downtime_and_service.csproj", "{B6ED4E41-D00F-4579-9B7D-99F11F97B5F2}"
EndProject
Project("{FAE04EC0-301F-11D3-BF4B-00C04F79EFBC}") = "Date", "Date\Date.csproj", "{D911FD46-C3AD-4D19-B2DE-A0AA58D46143}"
EndProject
Project("{FAE04EC0-301F-11D3-BF4B-00C04F79EFBC}") = "File", "File\File.csproj", "{62302622-623A-4C3A-A8BA-41269B0CEF54}"
EndProject
Project("{FAE04EC0-301F-11D3-BF4B-00C04F79EFBC}") = "Config", "Config\Config.csproj", "{3C2A4D25-E619-4F5D-A093-B0DB10F1D292}"
EndProject
Project("{FAE04EC0-301F-11D3-BF4B-00C04F79EFBC}") = "UnitTest", "UnitTest\UnitTest.csproj", "{338F5AA8-B7B2-4D86-BD47-44CA7E84F44F}"
EndProject
Global
	GlobalSection(SolutionConfigurationPlatforms) = preSolution
		Debug|Any CPU = Debug|Any CPU
		Release|Any CPU = Release|Any CPU
	EndGlobalSection
	GlobalSection(ProjectConfigurationPlatforms) = postSolution
		{B6ED4E41-D00F-4579-9B7D-99F11F97B5F2}.Debug|Any CPU.ActiveCfg = Debug|Any CPU
		{B6ED4E41-D00F-4579-9B7D-99F11F97B5F2}.Debug|Any CPU.Build.0 = Debug|Any CPU
		{B6ED4E41-D00F-4579-9B7D-99F11F97B5F2}.Release|Any CPU.ActiveCfg = Release|Any CPU
		{B6ED4E41-D00F-4579-9B7D-99F11F97B5F2}.Release|Any CPU.Build.0 = Release|Any CPU
		{D911FD46-C3AD-4D19-B2DE-A0AA58D46143}.Debug|Any CPU.ActiveCfg = Debug|Any CPU
		{D911FD46-C3AD-4D19-B2DE-A0AA58D46143}.Debug|Any CPU.Build.0 = Debug|Any CPU
		{D911FD46-C3AD-4D19-B2DE-A0AA58D46143}.Release|Any CPU.ActiveCfg = Release|Any CPU
		{D911FD46-C3AD-4D19-B2DE-A0AA58D46143}.Release|Any CPU.Build.0 = Release|Any CPU
		{62302622-623A-4C3A-A8BA-41269B0CEF54}.Debug|Any CPU.ActiveCfg = Debug|Any CPU
		{62302622-623A-4C3A-A8BA-41269B0CEF54}.Debug|Any CPU.Build.0 = Debug|Any CPU
		{62302622-623A-4C3A-A8BA-41269B0CEF54}.Release|Any CPU.ActiveCfg = Release|Any CPU
		{62302622-623A-4C3A-A8BA-41269B0CEF54}.Release|Any CPU.Build.0 = Release|Any CPU
		{3C2A4D25-E619-4F5D-A093-B0DB10F1D292}.Debug|Any CPU.ActiveCfg = Debug|Any CPU
		{3C2A4D25-E619-4F5D-A093-B0DB10F1D292}.Debug|Any CPU.Build.0 = Debug|Any CPU
		{3C2A4D25-E619-4F5D-A093-B0DB10F1D292}.Release|Any CPU.ActiveCfg = Release|Any CPU
		{3C2A4D25-E619-4F5D-A093-B0DB10F1D292}.Release|Any CPU.Build.0 = Release|Any CPU
		{338F5AA8-B7B2-4D86-BD47-44CA7E84F44F}.Debug|Any CPU.ActiveCfg = Debug|Any CPU
		{338F5AA8-B7B2-4D86-BD47-44CA7E84F44F}.Debug|Any CPU.Build.0 = Debug|Any CPU
		{338F5AA8-B7B2-4D86-BD47-44CA7E84F44F}.Release|Any CPU.ActiveCfg = Release|Any CPU
		{338F5AA8-B7B2-4D86-BD47-44CA7E84F44F}.Release|Any CPU.Build.0 = Release|Any CPU
	EndGlobalSection
	GlobalSection(SolutionProperties) = preSolution
		HideSolutionNode = FALSE
	EndGlobalSection
	GlobalSection(ExtensibilityGlobals) = postSolution
		SolutionGuid = {D30A4F93-D84D-4E42-A955-0FEA572B3B42}
	EndGlobalSection
EndGlobal
